
Microsoft Visual Studio Solution File, Format Version 12.00
# Visual Studio 15
VisualStudioVersion = 15.0.27703.2035
MinimumVisualStudioVersion = 10.0.40219.1
Project("{FAE04EC0-301F-11D3-BF4B-00C04F79EFBC}") = "OpenLoganalyzer", "OpenLoganalyzer\OpenLoganalyzer.csproj", "{D791160E-DC8A-4461-B2E3-CB36AA77A509}"
EndProject
Project("{FAE04EC0-301F-11D3-BF4B-00C04F79EFBC}") = "OpenLoganalyzerTests", "OpenLoganalyzerTests\OpenLoganalyzerTests.csproj", "{A47902F7-6C33-4639-8E66-ACD2B8E358F2}"
EndProject
Project("{FAE04EC0-301F-11D3-BF4B-00C04F79EFBC}") = "OpenLoganalyzerLib", "OpenLoganalyzerLib\OpenLoganalyzerLib.csproj", "{38D17D38-7326-4E84-85FF-8FE239CF2879}"
EndProject
Global
	GlobalSection(SolutionConfigurationPlatforms) = preSolution
		Debug|Any CPU = Debug|Any CPU
		Release|Any CPU = Release|Any CPU
	EndGlobalSection
	GlobalSection(ProjectConfigurationPlatforms) = postSolution
		{D791160E-DC8A-4461-B2E3-CB36AA77A509}.Debug|Any CPU.ActiveCfg = Debug|Any CPU
		{D791160E-DC8A-4461-B2E3-CB36AA77A509}.Debug|Any CPU.Build.0 = Debug|Any CPU
		{D791160E-DC8A-4461-B2E3-CB36AA77A509}.Release|Any CPU.ActiveCfg = Release|Any CPU
		{D791160E-DC8A-4461-B2E3-CB36AA77A509}.Release|Any CPU.Build.0 = Release|Any CPU
		{A47902F7-6C33-4639-8E66-ACD2B8E358F2}.Debug|Any CPU.ActiveCfg = Debug|Any CPU
		{A47902F7-6C33-4639-8E66-ACD2B8E358F2}.Debug|Any CPU.Build.0 = Debug|Any CPU
		{A47902F7-6C33-4639-8E66-ACD2B8E358F2}.Release|Any CPU.ActiveCfg = Release|Any CPU
		{A47902F7-6C33-4639-8E66-ACD2B8E358F2}.Release|Any CPU.Build.0 = Release|Any CPU
		{38D17D38-7326-4E84-85FF-8FE239CF2879}.Debug|Any CPU.ActiveCfg = Debug|Any CPU
		{38D17D38-7326-4E84-85FF-8FE239CF2879}.Debug|Any CPU.Build.0 = Debug|Any CPU
		{38D17D38-7326-4E84-85FF-8FE239CF2879}.Release|Any CPU.ActiveCfg = Release|Any CPU
		{38D17D38-7326-4E84-85FF-8FE239CF2879}.Release|Any CPU.Build.0 = Release|Any CPU
	EndGlobalSection
	GlobalSection(SolutionProperties) = preSolution
		HideSolutionNode = FALSE
	EndGlobalSection
	GlobalSection(ExtensibilityGlobals) = postSolution
		SolutionGuid = {2F8E3C8E-731A-4953-A727-5BDB62E7F4DC}
	EndGlobalSection
EndGlobal
